// !$*UTF8*$!
{
	archiveVersion = 1;
	classes = {
	};
	objectVersion = 50;
	objects = {

/* Begin PBXBuildFile section */
		18A535F9213A677D00E66B78 /* AppDelegate.swift in Sources */ = {isa = PBXBuildFile; fileRef = 18A535F8213A677D00E66B78 /* AppDelegate.swift */; };
		18A535FE213A677D00E66B78 /* Main.storyboard in Resources */ = {isa = PBXBuildFile; fileRef = 18A535FC213A677D00E66B78 /* Main.storyboard */; };
		18A53600213A677F00E66B78 /* Assets.xcassets in Resources */ = {isa = PBXBuildFile; fileRef = 18A535FF213A677F00E66B78 /* Assets.xcassets */; };
		18A53603213A677F00E66B78 /* LaunchScreen.storyboard in Resources */ = {isa = PBXBuildFile; fileRef = 18A53601213A677F00E66B78 /* LaunchScreen.storyboard */; };
		18A53615213A67A700E66B78 /* data.json in Resources */ = {isa = PBXBuildFile; fileRef = 18A5360A213A67A600E66B78 /* data.json */; };
		18A53616213A67A700E66B78 /* HeaderCell.swift in Sources */ = {isa = PBXBuildFile; fileRef = 18A5360C213A67A600E66B78 /* HeaderCell.swift */; };
		18A53617213A67A700E66B78 /* PagerCell.swift in Sources */ = {isa = PBXBuildFile; fileRef = 18A5360D213A67A600E66B78 /* PagerCell.swift */; };
		18A53618213A67A700E66B78 /* TableCell.swift in Sources */ = {isa = PBXBuildFile; fileRef = 18A5360E213A67A600E66B78 /* TableCell.swift */; };
		18A53619213A67A700E66B78 /* Info.plist in Resources */ = {isa = PBXBuildFile; fileRef = 18A5360F213A67A700E66B78 /* Info.plist */; };
		18A5361A213A67A700E66B78 /* PagerViewController.swift in Sources */ = {isa = PBXBuildFile; fileRef = 18A53611213A67A700E66B78 /* PagerViewController.swift */; };
		18A5361C213A67A700E66B78 /* CellMetadata.swift in Sources */ = {isa = PBXBuildFile; fileRef = 18A53614213A67A700E66B78 /* CellMetadata.swift */; };
		18A53623213ACA9900E66B78 /* String+Extension.swift in Sources */ = {isa = PBXBuildFile; fileRef = 18A53622213ACA9900E66B78 /* String+Extension.swift */; };
/* End PBXBuildFile section */

/* Begin PBXFileReference section */
		18A535F5213A677D00E66B78 /* TDTableViewHeaderPager.app */ = {isa = PBXFileReference; explicitFileType = wrapper.application; includeInIndex = 0; path = TDTableViewHeaderPager.app; sourceTree = BUILT_PRODUCTS_DIR; };
		18A535F8213A677D00E66B78 /* AppDelegate.swift */ = {isa = PBXFileReference; lastKnownFileType = sourcecode.swift; path = AppDelegate.swift; sourceTree = "<group>"; };
		18A535FD213A677D00E66B78 /* Base */ = {isa = PBXFileReference; lastKnownFileType = file.storyboard; name = Base; path = Base.lproj/Main.storyboard; sourceTree = "<group>"; };
		18A535FF213A677F00E66B78 /* Assets.xcassets */ = {isa = PBXFileReference; lastKnownFileType = folder.assetcatalog; path = Assets.xcassets; sourceTree = "<group>"; };
		18A53602213A677F00E66B78 /* Base */ = {isa = PBXFileReference; lastKnownFileType = file.storyboard; name = Base; path = Base.lproj/LaunchScreen.storyboard; sourceTree = "<group>"; };
		18A53604213A677F00E66B78 /* Info.plist */ = {isa = PBXFileReference; lastKnownFileType = text.plist.xml; path = Info.plist; sourceTree = "<group>"; };
		18A5360A213A67A600E66B78 /* data.json */ = {isa = PBXFileReference; fileEncoding = 4; lastKnownFileType = text.json; path = data.json; sourceTree = "<group>"; };
		18A5360C213A67A600E66B78 /* HeaderCell.swift */ = {isa = PBXFileReference; fileEncoding = 4; lastKnownFileType = sourcecode.swift; path = HeaderCell.swift; sourceTree = "<group>"; };
		18A5360D213A67A600E66B78 /* PagerCell.swift */ = {isa = PBXFileReference; fileEncoding = 4; lastKnownFileType = sourcecode.swift; path = PagerCell.swift; sourceTree = "<group>"; };
		18A5360E213A67A600E66B78 /* TableCell.swift */ = {isa = PBXFileReference; fileEncoding = 4; lastKnownFileType = sourcecode.swift; path = TableCell.swift; sourceTree = "<group>"; };
		18A5360F213A67A700E66B78 /* Info.plist */ = {isa = PBXFileReference; fileEncoding = 4; lastKnownFileType = text.plist.xml; path = Info.plist; sourceTree = "<group>"; };
		18A53611213A67A700E66B78 /* PagerViewController.swift */ = {isa = PBXFileReference; fileEncoding = 4; lastKnownFileType = sourcecode.swift; path = PagerViewController.swift; sourceTree = "<group>"; };
		18A53614213A67A700E66B78 /* CellMetadata.swift */ = {isa = PBXFileReference; fileEncoding = 4; lastKnownFileType = sourcecode.swift; path = CellMetadata.swift; sourceTree = "<group>"; };
		18A53622213ACA9900E66B78 /* String+Extension.swift */ = {isa = PBXFileReference; lastKnownFileType = sourcecode.swift; path = "String+Extension.swift"; sourceTree = "<group>"; };
/* End PBXFileReference section */

/* Begin PBXFrameworksBuildPhase section */
		18A535F2213A677D00E66B78 /* Frameworks */ = {
			isa = PBXFrameworksBuildPhase;
			buildActionMask = 2147483647;
			files = (
			);
			runOnlyForDeploymentPostprocessing = 0;
		};
/* End PBXFrameworksBuildPhase section */

/* Begin PBXGroup section */
		18A535EC213A677D00E66B78 = {
			isa = PBXGroup;
			children = (
				18A535F7213A677D00E66B78 /* TDTableViewHeaderPager */,
				18A535F6213A677D00E66B78 /* Products */,
			);
			sourceTree = "<group>";
		};
		18A535F6213A677D00E66B78 /* Products */ = {
			isa = PBXGroup;
			children = (
				18A535F5213A677D00E66B78 /* TDTableViewHeaderPager.app */,
			);
			name = Products;
			sourceTree = "<group>";
		};
		18A535F7213A677D00E66B78 /* TDTableViewHeaderPager */ = {
			isa = PBXGroup;
			children = (
				18A535F8213A677D00E66B78 /* AppDelegate.swift */,
				18A53622213ACA9900E66B78 /* String+Extension.swift */,
				18A5361D213A67B500E66B78 /* Resources */,
				18A5360B213A67A600E66B78 /* Cells */,
				18A53613213A67A700E66B78 /* Models */,
				18A53610213A67A700E66B78 /* Controller */,
				18A535FC213A677D00E66B78 /* Main.storyboard */,
				18A535FF213A677F00E66B78 /* Assets.xcassets */,
				18A53601213A677F00E66B78 /* LaunchScreen.storyboard */,
				18A53604213A677F00E66B78 /* Info.plist */,
			);
			path = TDTableViewHeaderPager;
			sourceTree = "<group>";
		};
		18A5360B213A67A600E66B78 /* Cells */ = {
			isa = PBXGroup;
			children = (
				18A5360C213A67A600E66B78 /* HeaderCell.swift */,
				18A5360D213A67A600E66B78 /* PagerCell.swift */,
				18A5360E213A67A600E66B78 /* TableCell.swift */,
			);
			path = Cells;
			sourceTree = "<group>";
		};
		18A53610213A67A700E66B78 /* Controller */ = {
			isa = PBXGroup;
			children = (
				18A53611213A67A700E66B78 /* PagerViewController.swift */,
			);
			path = Controller;
			sourceTree = "<group>";
		};
		18A53613213A67A700E66B78 /* Models */ = {
			isa = PBXGroup;
			children = (
				18A53614213A67A700E66B78 /* CellMetadata.swift */,
			);
			path = Models;
			sourceTree = "<group>";
		};
		18A5361D213A67B500E66B78 /* Resources */ = {
			isa = PBXGroup;
			children = (
				18A5360A213A67A600E66B78 /* data.json */,
				18A5360F213A67A700E66B78 /* Info.plist */,
			);
			path = Resources;
			sourceTree = "<group>";
		};
/* End PBXGroup section */

/* Begin PBXNativeTarget section */
		18A535F4213A677D00E66B78 /* TDTableViewHeaderPager */ = {
			isa = PBXNativeTarget;
			buildConfigurationList = 18A53607213A677F00E66B78 /* Build configuration list for PBXNativeTarget "TDTableViewHeaderPager" */;
			buildPhases = (
				18A535F1213A677D00E66B78 /* Sources */,
				18A535F2213A677D00E66B78 /* Frameworks */,
				18A535F3213A677D00E66B78 /* Resources */,
			);
			buildRules = (
			);
			dependencies = (
			);
			name = TDTableViewHeaderPager;
			productName = TDTableViewHeaderPager;
			productReference = 18A535F5213A677D00E66B78 /* TDTableViewHeaderPager.app */;
			productType = "com.apple.product-type.application";
		};
/* End PBXNativeTarget section */

/* Begin PBXProject section */
		18A535ED213A677D00E66B78 /* Project object */ = {
			isa = PBXProject;
			attributes = {
				LastSwiftUpdateCheck = 0940;
				LastUpgradeCheck = 0940;
				ORGANIZATIONNAME = dahiyaboy;
				TargetAttributes = {
					18A535F4213A677D00E66B78 = {
						CreatedOnToolsVersion = 9.4.1;
					};
				};
			};
			buildConfigurationList = 18A535F0213A677D00E66B78 /* Build configuration list for PBXProject "TDTableViewHeaderPager" */;
			compatibilityVersion = "Xcode 9.3";
			developmentRegion = en;
			hasScannedForEncodings = 0;
			knownRegions = (
				en,
				Base,
			);
			mainGroup = 18A535EC213A677D00E66B78;
			productRefGroup = 18A535F6213A677D00E66B78 /* Products */;
			projectDirPath = "";
			projectRoot = "";
			targets = (
				18A535F4213A677D00E66B78 /* TDTableViewHeaderPager */,
			);
		};
/* End PBXProject section */

/* Begin PBXResourcesBuildPhase section */
		18A535F3213A677D00E66B78 /* Resources */ = {
			isa = PBXResourcesBuildPhase;
			buildActionMask = 2147483647;
			files = (
				18A53603213A677F00E66B78 /* LaunchScreen.storyboard in Resources */,
				18A53600213A677F00E66B78 /* Assets.xcassets in Resources */,
				18A535FE213A677D00E66B78 /* Main.storyboard in Resources */,
				18A53619213A67A700E66B78 /* Info.plist in Resources */,
				18A53615213A67A700E66B78 /* data.json in Resources */,
			);
			runOnlyForDeploymentPostprocessing = 0;
		};
/* End PBXResourcesBuildPhase section */

/* Begin PBXSourcesBuildPhase section */
		18A535F1213A677D00E66B78 /* Sources */ = {
			isa = PBXSourcesBuildPhase;
			buildActionMask = 2147483647;
			files = (
				18A53616213A67A700E66B78 /* HeaderCell.swift in Sources */,
				18A53623213ACA9900E66B78 /* String+Extension.swift in Sources */,
				18A535F9213A677D00E66B78 /* AppDelegate.swift in Sources */,
				18A5361C213A67A700E66B78 /* CellMetadata.swift in Sources */,
				18A53618213A67A700E66B78 /* TableCell.swift in Sources */,
				18A53617213A67A700E66B78 /* PagerCell.swift in Sources */,
				18A5361A213A67A700E66B78 /* PagerViewController.swift in Sources */,
			);
			runOnlyForDeploymentPostprocessing = 0;
		};
/* End PBXSourcesBuildPhase section */

/* Begin PBXVariantGroup section */
		18A535FC213A677D00E66B78 /* Main.storyboard */ = {
			isa = PBXVariantGroup;
			children = (
				18A535FD213A677D00E66B78 /* Base */,
			);
			name = Main.storyboard;
			sourceTree = "<group>";
		};
		18A53601213A677F00E66B78 /* LaunchScreen.storyboard */ = {
			isa = PBXVariantGroup;
			children = (
				18A53602213A677F00E66B78 /* Base */,
			);
			name = LaunchScreen.storyboard;
			sourceTree = "<group>";
		};
/* End PBXVariantGroup section */

/* Begin XCBuildConfiguration section */
		18A53605213A677F00E66B78 /* Debug */ = {
			isa = XCBuildConfiguration;
			buildSettings = {
				ALWAYS_SEARCH_USER_PATHS = NO;
				CLANG_ANALYZER_NONNULL = YES;
				CLANG_ANALYZER_NUMBER_OBJECT_CONVERSION = YES_AGGRESSIVE;
				CLANG_CXX_LANGUAGE_STANDARD = "gnu++14";
				CLANG_CXX_LIBRARY = "libc++";
				CLANG_ENABLE_MODULES = YES;
				CLANG_ENABLE_OBJC_ARC = YES;
				CLANG_ENABLE_OBJC_WEAK = YES;
				CLANG_WARN_BLOCK_CAPTURE_AUTORELEASING = YES;
				CLANG_WARN_BOOL_CONVERSION = YES;
				CLANG_WARN_COMMA = YES;
				CLANG_WARN_CONSTANT_CONVERSION = YES;
				CLANG_WARN_DEPRECATED_OBJC_IMPLEMENTATIONS = YES;
				CLANG_WARN_DIRECT_OBJC_ISA_USAGE = YES_ERROR;
				CLANG_WARN_DOCUMENTATION_COMMENTS = YES;
				CLANG_WARN_EMPTY_BODY = YES;
				CLANG_WARN_ENUM_CONVERSION = YES;
				CLANG_WARN_INFINITE_RECURSION = YES;
				CLANG_WARN_INT_CONVERSION = YES;
				CLANG_WARN_NON_LITERAL_NULL_CONVERSION = YES;
				CLANG_WARN_OBJC_IMPLICIT_RETAIN_SELF = YES;
				CLANG_WARN_OBJC_LITERAL_CONVERSION = YES;
				CLANG_WARN_OBJC_ROOT_CLASS = YES_ERROR;
				CLANG_WARN_RANGE_LOOP_ANALYSIS = YES;
				CLANG_WARN_STRICT_PROTOTYPES = YES;
				CLANG_WARN_SUSPICIOUS_MOVE = YES;
				CLANG_WARN_UNGUARDED_AVAILABILITY = YES_AGGRESSIVE;
				CLANG_WARN_UNREACHABLE_CODE = YES;
				CLANG_WARN__DUPLICATE_METHOD_MATCH = YES;
				CODE_SIGN_IDENTITY = "iPhone Developer";
				COPY_PHASE_STRIP = NO;
				DEBUG_INFORMATION_FORMAT = dwarf;
				ENABLE_STRICT_OBJC_MSGSEND = YES;
				ENABLE_TESTABILITY = YES;
				GCC_C_LANGUAGE_STANDARD = gnu11;
				GCC_DYNAMIC_NO_PIC = NO;
				GCC_NO_COMMON_BLOCKS = YES;
				GCC_OPTIMIZATION_LEVEL = 0;
				GCC_PREPROCESSOR_DEFINITIONS = (
					"DEBUG=1",
					"$(inherited)",
				);
				GCC_WARN_64_TO_32_BIT_CONVERSION = YES;
				GCC_WARN_ABOUT_RETURN_TYPE = YES_ERROR;
				GCC_WARN_UNDECLARED_SELECTOR = YES;
				GCC_WARN_UNINITIALIZED_AUTOS = YES_AGGRESSIVE;
				GCC_WARN_UNUSED_FUNCTION = YES;
				GCC_WARN_UNUSED_VARIABLE = YES;
				IPHONEOS_DEPLOYMENT_TARGET = 11.4;
				MTL_ENABLE_DEBUG_INFO = YES;
				ONLY_ACTIVE_ARCH = YES;
				SDKROOT = iphoneos;
				SWIFT_ACTIVE_COMPILATION_CONDITIONS = DEBUG;
				SWIFT_OPTIMIZATION_LEVEL = "-Onone";
			};
			name = Debug;
		};
		18A53606213A677F00E66B78 /* Release */ = {
			isa = XCBuildConfiguration;
			buildSettings = {
				ALWAYS_SEARCH_USER_PATHS = NO;
				CLANG_ANALYZER_NONNULL = YES;
				CLANG_ANALYZER_NUMBER_OBJECT_CONVERSION = YES_AGGRESSIVE;
				CLANG_CXX_LANGUAGE_STANDARD = "gnu++14";
				CLANG_CXX_LIBRARY = "libc++";
				CLANG_ENABLE_MODULES = YES;
				CLANG_ENABLE_OBJC_ARC = YES;
				CLANG_ENABLE_OBJC_WEAK = YES;
				CLANG_WARN_BLOCK_CAPTURE_AUTORELEASING = YES;
				CLANG_WARN_BOOL_CONVERSION = YES;
				CLANG_WARN_COMMA = YES;
				CLANG_WARN_CONSTANT_CONVERSION = YES;
				CLANG_WARN_DEPRECATED_OBJC_IMPLEMENTATIONS = YES;
				CLANG_WARN_DIRECT_OBJC_ISA_USAGE = YES_ERROR;
				CLANG_WARN_DOCUMENTATION_COMMENTS = YES;
				CLANG_WARN_EMPTY_BODY = YES;
				CLANG_WARN_ENUM_CONVERSION = YES;
				CLANG_WARN_INFINITE_RECURSION = YES;
				CLANG_WARN_INT_CONVERSION = YES;
				CLANG_WARN_NON_LITERAL_NULL_CONVERSION = YES;
				CLANG_WARN_OBJC_IMPLICIT_RETAIN_SELF = YES;
				CLANG_WARN_OBJC_LITERAL_CONVERSION = YES;
				CLANG_WARN_OBJC_ROOT_CLASS = YES_ERROR;
				CLANG_WARN_RANGE_LOOP_ANALYSIS = YES;
				CLANG_WARN_STRICT_PROTOTYPES = YES;
				CLANG_WARN_SUSPICIOUS_MOVE = YES;
				CLANG_WARN_UNGUARDED_AVAILABILITY = YES_AGGRESSIVE;
				CLANG_WARN_UNREACHABLE_CODE = YES;
				CLANG_WARN__DUPLICATE_METHOD_MATCH = YES;
				CODE_SIGN_IDENTITY = "iPhone Developer";
				COPY_PHASE_STRIP = NO;
				DEBUG_INFORMATION_FORMAT = "dwarf-with-dsym";
				ENABLE_NS_ASSERTIONS = NO;
				ENABLE_STRICT_OBJC_MSGSEND = YES;
				GCC_C_LANGUAGE_STANDARD = gnu11;
				GCC_NO_COMMON_BLOCKS = YES;
				GCC_WARN_64_TO_32_BIT_CONVERSION = YES;
				GCC_WARN_ABOUT_RETURN_TYPE = YES_ERROR;
				GCC_WARN_UNDECLARED_SELECTOR = YES;
				GCC_WARN_UNINITIALIZED_AUTOS = YES_AGGRESSIVE;
				GCC_WARN_UNUSED_FUNCTION = YES;
				GCC_WARN_UNUSED_VARIABLE = YES;
				IPHONEOS_DEPLOYMENT_TARGET = 11.4;
				MTL_ENABLE_DEBUG_INFO = NO;
				SDKROOT = iphoneos;
				SWIFT_COMPILATION_MODE = wholemodule;
				SWIFT_OPTIMIZATION_LEVEL = "-O";
				VALIDATE_PRODUCT = YES;
			};
			name = Release;
		};
		18A53608213A677F00E66B78 /* Debug */ = {
			isa = XCBuildConfiguration;
			buildSettings = {
				ASSETCATALOG_COMPILER_APPICON_NAME = AppIcon;
				CODE_SIGN_STYLE = Automatic;
				DEVELOPMENT_TEAM = C7P36NR8J7;
				INFOPLIST_FILE = TDTableViewHeaderPager/Info.plist;
				LD_RUNPATH_SEARCH_PATHS = (
					"$(inherited)",
					"@executable_path/Frameworks",
				);
				PRODUCT_BUNDLE_IDENTIFIER = com.dahiyaboy.TDTableViewHeaderPager;
				PRODUCT_NAME = "$(TARGET_NAME)";
				SWIFT_VERSION = 4.0;
				TARGETED_DEVICE_FAMILY = "1,2";
			};
			name = Debug;
		};
		18A53609213A677F00E66B78 /* Release */ = {
			isa = XCBuildConfiguration;
			buildSettings = {
				ASSETCATALOG_COMPILER_APPICON_NAME = AppIcon;
				CODE_SIGN_STYLE = Automatic;
				DEVELOPMENT_TEAM = C7P36NR8J7;
				INFOPLIST_FILE = TDTableViewHeaderPager/Info.plist;
				LD_RUNPATH_SEARCH_PATHS = (
					"$(inherited)",
					"@executable_path/Frameworks",
				);
				PRODUCT_BUNDLE_IDENTIFIER = com.dahiyaboy.TDTableViewHeaderPager;
				PRODUCT_NAME = "$(TARGET_NAME)";
				SWIFT_VERSION = 4.0;
				TARGETED_DEVICE_FAMILY = "1,2";
			};
			name = Release;
		};
/* End XCBuildConfiguration section */

/* Begin XCConfigurationList section */
		18A535F0213A677D00E66B78 /* Build configuration list for PBXProject "TDTableViewHeaderPager" */ = {
			isa = XCConfigurationList;
			buildConfigurations = (
				18A53605213A677F00E66B78 /* Debug */,
				18A53606213A677F00E66B78 /* Release */,
			);
			defaultConfigurationIsVisible = 0;
			defaultConfigurationName = Release;
		};
		18A53607213A677F00E66B78 /* Build configuration list for PBXNativeTarget "TDTableViewHeaderPager" */ = {
			isa = XCConfigurationList;
			buildConfigurations = (
				18A53608213A677F00E66B78 /* Debug */,
				18A53609213A677F00E66B78 /* Release */,
			);
			defaultConfigurationIsVisible = 0;
			defaultConfigurationName = Release;
		};
/* End XCConfigurationList section */
	};
	rootObject = 18A535ED213A677D00E66B78 /* Project object */;
}
